// !$*UTF8*$!
{
	archiveVersion = 1;
	classes = {
	};
	objectVersion = 46;
	objects = {

/* Begin PBXBuildFile section */
		B36DCB961DC1F7530067D89B /* main.c in Sources */ = {isa = PBXBuildFile; fileRef = B36DCB951DC1F7530067D89B /* main.c */; };
		B36DCBA01DC1F7740067D89B /* errexit.c in Sources */ = {isa = PBXBuildFile; fileRef = B36DCB9C1DC1F7740067D89B /* errexit.c */; };
		B36DCBA11DC1F7740067D89B /* passivesock.c in Sources */ = {isa = PBXBuildFile; fileRef = B36DCB9D1DC1F7740067D89B /* passivesock.c */; };
		B36DCBA21DC1F7740067D89B /* passiveTCP.c in Sources */ = {isa = PBXBuildFile; fileRef = B36DCB9E1DC1F7740067D89B /* passiveTCP.c */; };
/* End PBXBuildFile section */

/* Begin PBXCopyFilesBuildPhase section */
		B36DCB901DC1F7530067D89B /* CopyFiles */ = {
			isa = PBXCopyFilesBuildPhase;
			buildActionMask = 2147483647;
			dstPath = /usr/share/man/man1/;
			dstSubfolderSpec = 0;
			files = (
			);
			runOnlyForDeploymentPostprocessing = 1;
		};
/* End PBXCopyFilesBuildPhase section */

/* Begin PBXFileReference section */
		B36DCB921DC1F7530067D89B /* tcpserver_preforked */ = {isa = PBXFileReference; explicitFileType = "compiled.mach-o.executable"; includeInIndex = 0; path = tcpserver_preforked; sourceTree = BUILT_PRODUCTS_DIR; };
		B36DCB951DC1F7530067D89B /* main.c */ = {isa = PBXFileReference; lastKnownFileType = sourcecode.c.c; path = main.c; sourceTree = "<group>"; };
		B36DCB9C1DC1F7740067D89B /* errexit.c */ = {isa = PBXFileReference; fileEncoding = 4; lastKnownFileType = sourcecode.c.c; path = errexit.c; sourceTree = "<group>"; };
		B36DCB9D1DC1F7740067D89B /* passivesock.c */ = {isa = PBXFileReference; fileEncoding = 4; lastKnownFileType = sourcecode.c.c; path = passivesock.c; sourceTree = "<group>"; };
		B36DCB9E1DC1F7740067D89B /* passiveTCP.c */ = {isa = PBXFileReference; fileEncoding = 4; lastKnownFileType = sourcecode.c.c; path = passiveTCP.c; sourceTree = "<group>"; };
/* End PBXFileReference section */

/* Begin PBXFrameworksBuildPhase section */
		B36DCB8F1DC1F7530067D89B /* Frameworks */ = {
			isa = PBXFrameworksBuildPhase;
			buildActionMask = 2147483647;
			files = (
			);
			runOnlyForDeploymentPostprocessing = 0;
		};
/* End PBXFrameworksBuildPhase section */

/* Begin PBXGroup section */
		B36DCB891DC1F7530067D89B = {
			isa = PBXGroup;
			children = (
				B36DCB941DC1F7530067D89B /* tcpserver_preforked */,
				B36DCB931DC1F7530067D89B /* Products */,
			);
			sourceTree = "<group>";
		};
		B36DCB931DC1F7530067D89B /* Products */ = {
			isa = PBXGroup;
			children = (
				B36DCB921DC1F7530067D89B /* tcpserver_preforked */,
			);
			name = Products;
			sourceTree = "<group>";
		};
		B36DCB941DC1F7530067D89B /* tcpserver_preforked */ = {
			isa = PBXGroup;
			children = (
				B36DCB9C1DC1F7740067D89B /* errexit.c */,
				B36DCB9D1DC1F7740067D89B /* passivesock.c */,
				B36DCB9E1DC1F7740067D89B /* passiveTCP.c */,
				B36DCB951DC1F7530067D89B /* main.c */,
			);
			path = tcpserver_preforked;
			sourceTree = "<group>";
		};
/* End PBXGroup section */

/* Begin PBXNativeTarget section */
		B36DCB911DC1F7530067D89B /* tcpserver_preforked */ = {
			isa = PBXNativeTarget;
			buildConfigurationList = B36DCB991DC1F7530067D89B /* Build configuration list for PBXNativeTarget "tcpserver_preforked" */;
			buildPhases = (
				B36DCB8E1DC1F7530067D89B /* Sources */,
				B36DCB8F1DC1F7530067D89B /* Frameworks */,
				B36DCB901DC1F7530067D89B /* CopyFiles */,
			);
			buildRules = (
			);
			dependencies = (
			);
			name = tcpserver_preforked;
			productName = tcpserver_preforked;
			productReference = B36DCB921DC1F7530067D89B /* tcpserver_preforked */;
			productType = "com.apple.product-type.tool";
		};
/* End PBXNativeTarget section */

/* Begin PBXProject section */
		B36DCB8A1DC1F7530067D89B /* Project object */ = {
			isa = PBXProject;
			attributes = {
				LastUpgradeCheck = 0720;
				ORGANIZATIONNAME = "Ifunanya Nnoka";
				TargetAttributes = {
					B36DCB911DC1F7530067D89B = {
						CreatedOnToolsVersion = 7.2.1;
					};
				};
			};
			buildConfigurationList = B36DCB8D1DC1F7530067D89B /* Build configuration list for PBXProject "tcpserver_preforked" */;
			compatibilityVersion = "Xcode 3.2";
			developmentRegion = English;
			hasScannedForEncodings = 0;
			knownRegions = (
				en,
			);
			mainGroup = B36DCB891DC1F7530067D89B;
			productRefGroup = B36DCB931DC1F7530067D89B /* Products */;
			projectDirPath = "";
			projectRoot = "";
			targets = (
				B36DCB911DC1F7530067D89B /* tcpserver_preforked */,
			);
		};
/* End PBXProject section */

/* Begin PBXSourcesBuildPhase section */
		B36DCB8E1DC1F7530067D89B /* Sources */ = {
			isa = PBXSourcesBuildPhase;
			buildActionMask = 2147483647;
			files = (
				B36DCB961DC1F7530067D89B /* main.c in Sources */,
				B36DCBA01DC1F7740067D89B /* errexit.c in Sources */,
				B36DCBA11DC1F7740067D89B /* passivesock.c in Sources */,
				B36DCBA21DC1F7740067D89B /* passiveTCP.c in Sources */,
			);
			runOnlyForDeploymentPostprocessing = 0;
		};
/* End PBXSourcesBuildPhase section */

/* Begin XCBuildConfiguration section */
		B36DCB971DC1F7530067D89B /* Debug */ = {
			isa = XCBuildConfiguration;
			buildSettings = {
				ALWAYS_SEARCH_USER_PATHS = NO;
				CLANG_CXX_LANGUAGE_STANDARD = "gnu++0x";
				CLANG_CXX_LIBRARY = "libc++";
				CLANG_ENABLE_MODULES = YES;
				CLANG_ENABLE_OBJC_ARC = YES;
				CLANG_WARN_BOOL_CONVERSION = YES;
				CLANG_WARN_CONSTANT_CONVERSION = YES;
				CLANG_WARN_DIRECT_OBJC_ISA_USAGE = YES_ERROR;
				CLANG_WARN_EMPTY_BODY = YES;
				CLANG_WARN_ENUM_CONVERSION = YES;
				CLANG_WARN_INT_CONVERSION = YES;
				CLANG_WARN_OBJC_ROOT_CLASS = YES_ERROR;
				CLANG_WARN_UNREACHABLE_CODE = YES;
				CLANG_WARN__DUPLICATE_METHOD_MATCH = YES;
				CODE_SIGN_IDENTITY = "-";
				COPY_PHASE_STRIP = NO;
				DEBUG_INFORMATION_FORMAT = dwarf;
				ENABLE_STRICT_OBJC_MSGSEND = YES;
				ENABLE_TESTABILITY = YES;
				GCC_C_LANGUAGE_STANDARD = gnu99;
				GCC_DYNAMIC_NO_PIC = NO;
				GCC_NO_COMMON_BLOCKS = YES;
				GCC_OPTIMIZATION_LEVEL = 0;
				GCC_PREPROCESSOR_DEFINITIONS = (
					"DEBUG=1",
					"$(inherited)",
				);
				GCC_WARN_64_TO_32_BIT_CONVERSION = YES;
				GCC_WARN_ABOUT_RETURN_TYPE = YES_ERROR;
				GCC_WARN_UNDECLARED_SELECTOR = YES;
				GCC_WARN_UNINITIALIZED_AUTOS = YES_AGGRESSIVE;
				GCC_WARN_UNUSED_FUNCTION = YES;
				GCC_WARN_UNUSED_VARIABLE = YES;
				MACOSX_DEPLOYMENT_TARGET = 10.10;
				MTL_ENABLE_DEBUG_INFO = YES;
				ONLY_ACTIVE_ARCH = YES;
				SDKROOT = macosx;
			};
			name = Debug;
		};
		B36DCB981DC1F7530067D89B /* Release */ = {
			isa = XCBuildConfiguration;
			buildSettings = {
				ALWAYS_SEARCH_USER_PATHS = NO;
				CLANG_CXX_LANGUAGE_STANDARD = "gnu++0x";
				CLANG_CXX_LIBRARY = "libc++";
				CLANG_ENABLE_MODULES = YES;
				CLANG_ENABLE_OBJC_ARC = YES;
				CLANG_WARN_BOOL_CONVERSION = YES;
				CLANG_WARN_CONSTANT_CONVERSION = YES;
				CLANG_WARN_DIRECT_OBJC_ISA_USAGE = YES_ERROR;
				CLANG_WARN_EMPTY_BODY = YES;
				CLANG_WARN_ENUM_CONVERSION = YES;
				CLANG_WARN_INT_CONVERSION = YES;
				CLANG_WARN_OBJC_ROOT_CLASS = YES_ERROR;
				CLANG_WARN_UNREACHABLE_CODE = YES;
				CLANG_WARN__DUPLICATE_METHOD_MATCH = YES;
				CODE_SIGN_IDENTITY = "-";
				COPY_PHASE_STRIP = NO;
				DEBUG_INFORMATION_FORMAT = "dwarf-with-dsym";
				ENABLE_NS_ASSERTIONS = NO;
				ENABLE_STRICT_OBJC_MSGSEND = YES;
				GCC_C_LANGUAGE_STANDARD = gnu99;
				GCC_NO_COMMON_BLOCKS = YES;
				GCC_WARN_64_TO_32_BIT_CONVERSION = YES;
				GCC_WARN_ABOUT_RETURN_TYPE = YES_ERROR;
				GCC_WARN_UNDECLARED_SELECTOR = YES;
				GCC_WARN_UNINITIALIZED_AUTOS = YES_AGGRESSIVE;
				GCC_WARN_UNUSED_FUNCTION = YES;
				GCC_WARN_UNUSED_VARIABLE = YES;
				MACOSX_DEPLOYMENT_TARGET = 10.10;
				MTL_ENABLE_DEBUG_INFO = NO;
				SDKROOT = macosx;
			};
			name = Release;
		};
		B36DCB9A1DC1F7530067D89B /* Debug */ = {
			isa = XCBuildConfiguration;
			buildSettings = {
				PRODUCT_NAME = "$(TARGET_NAME)";
			};
			name = Debug;
		};
		B36DCB9B1DC1F7530067D89B /* Release */ = {
			isa = XCBuildConfiguration;
			buildSettings = {
				PRODUCT_NAME = "$(TARGET_NAME)";
			};
			name = Release;
		};
/* End XCBuildConfiguration section */

/* Begin XCConfigurationList section */
		B36DCB8D1DC1F7530067D89B /* Build configuration list for PBXProject "tcpserver_preforked" */ = {
			isa = XCConfigurationList;
			buildConfigurations = (
				B36DCB971DC1F7530067D89B /* Debug */,
				B36DCB981DC1F7530067D89B /* Release */,
			);
			defaultConfigurationIsVisible = 0;
			defaultConfigurationName = Release;
		};
		B36DCB991DC1F7530067D89B /* Build configuration list for PBXNativeTarget "tcpserver_preforked" */ = {
			isa = XCConfigurationList;
			buildConfigurations = (
				B36DCB9A1DC1F7530067D89B /* Debug */,
				B36DCB9B1DC1F7530067D89B /* Release */,
			);
			defaultConfigurationIsVisible = 0;
		};
/* End XCConfigurationList section */
	};
	rootObject = B36DCB8A1DC1F7530067D89B /* Project object */;
}
