// !$*UTF8*$!
{
	archiveVersion = 1;
	classes = {
	};
	objectVersion = 46;
	objects = {

/* Begin PBXBuildFile section */
		B33FE5F321CF75C900B86BCE /* passivesock.c in Sources */ = {isa = PBXBuildFile; fileRef = B33FE5E221CF75C800B86BCE /* passivesock.c */; };
		B33FE5F421CF75C900B86BCE /* passiveTCP.c in Sources */ = {isa = PBXBuildFile; fileRef = B33FE5E721CF75C800B86BCE /* passiveTCP.c */; };
		B33FE5F521CF75C900B86BCE /* sqlite3.c in Sources */ = {isa = PBXBuildFile; fileRef = B33FE5E921CF75C800B86BCE /* sqlite3.c */; };
		B33FE5F621CF75C900B86BCE /* Customer_Services.c in Sources */ = {isa = PBXBuildFile; fileRef = B33FE5EA21CF75C800B86BCE /* Customer_Services.c */; };
		B33FE5F721CF75C900B86BCE /* airlinemain.c in Sources */ = {isa = PBXBuildFile; fileRef = B33FE5EB21CF75C800B86BCE /* airlinemain.c */; };
		B33FE5F821CF75C900B86BCE /* errexit.c in Sources */ = {isa = PBXBuildFile; fileRef = B33FE5F021CF75C900B86BCE /* errexit.c */; };
		B33FE5F921CF75C900B86BCE /* tcpserver.c in Sources */ = {isa = PBXBuildFile; fileRef = B33FE5F221CF75C900B86BCE /* tcpserver.c */; };
		B33FE5FC21CF7B8500B86BCE /* makefile in Sources */ = {isa = PBXBuildFile; fileRef = B33FE5FB21CF7B8500B86BCE /* makefile */; };
/* End PBXBuildFile section */

/* Begin PBXCopyFilesBuildPhase section */
		B368FD381DC3DF270058F21D /* CopyFiles */ = {
			isa = PBXCopyFilesBuildPhase;
			buildActionMask = 2147483647;
			dstPath = /usr/share/man/man1/;
			dstSubfolderSpec = 0;
			files = (
			);
			runOnlyForDeploymentPostprocessing = 1;
		};
/* End PBXCopyFilesBuildPhase section */

/* Begin PBXFileReference section */
		B33FE5E221CF75C800B86BCE /* passivesock.c */ = {isa = PBXFileReference; fileEncoding = 4; lastKnownFileType = sourcecode.c.c; path = passivesock.c; sourceTree = "<group>"; };
		B33FE5E321CF75C800B86BCE /* flightProfessionals.h */ = {isa = PBXFileReference; fileEncoding = 4; lastKnownFileType = sourcecode.c.h; path = flightProfessionals.h; sourceTree = "<group>"; };
		B33FE5E521CF75C800B86BCE /* sqlite3ext.h */ = {isa = PBXFileReference; fileEncoding = 4; lastKnownFileType = sourcecode.c.h; path = sqlite3ext.h; sourceTree = "<group>"; };
		B33FE5E621CF75C800B86BCE /* customer_services.h */ = {isa = PBXFileReference; fileEncoding = 4; lastKnownFileType = sourcecode.c.h; path = customer_services.h; sourceTree = "<group>"; };
		B33FE5E721CF75C800B86BCE /* passiveTCP.c */ = {isa = PBXFileReference; fileEncoding = 4; lastKnownFileType = sourcecode.c.c; path = passiveTCP.c; sourceTree = "<group>"; };
		B33FE5E821CF75C800B86BCE /* generateDigest.h */ = {isa = PBXFileReference; fileEncoding = 4; lastKnownFileType = sourcecode.c.h; path = generateDigest.h; sourceTree = "<group>"; };
		B33FE5E921CF75C800B86BCE /* sqlite3.c */ = {isa = PBXFileReference; fileEncoding = 4; lastKnownFileType = sourcecode.c.c; path = sqlite3.c; sourceTree = "<group>"; };
		B33FE5EA21CF75C800B86BCE /* Customer_Services.c */ = {isa = PBXFileReference; fileEncoding = 4; lastKnownFileType = sourcecode.c.c; path = Customer_Services.c; sourceTree = "<group>"; };
		B33FE5EB21CF75C800B86BCE /* airlinemain.c */ = {isa = PBXFileReference; fileEncoding = 4; lastKnownFileType = sourcecode.c.c; path = airlinemain.c; sourceTree = "<group>"; };
		B33FE5EC21CF75C900B86BCE /* database.h */ = {isa = PBXFileReference; fileEncoding = 4; lastKnownFileType = sourcecode.c.h; path = database.h; sourceTree = "<group>"; };
		B33FE5ED21CF75C900B86BCE /* airlinemain.h */ = {isa = PBXFileReference; fileEncoding = 4; lastKnownFileType = sourcecode.c.h; path = airlinemain.h; sourceTree = "<group>"; };
		B33FE5EE21CF75C900B86BCE /* airlineadminpswd.txt */ = {isa = PBXFileReference; fileEncoding = 4; lastKnownFileType = text; path = airlineadminpswd.txt; sourceTree = "<group>"; };
		B33FE5EF21CF75C900B86BCE /* encrypt.h */ = {isa = PBXFileReference; fileEncoding = 4; lastKnownFileType = sourcecode.c.h; path = encrypt.h; sourceTree = "<group>"; };
		B33FE5F021CF75C900B86BCE /* errexit.c */ = {isa = PBXFileReference; fileEncoding = 4; lastKnownFileType = sourcecode.c.c; path = errexit.c; sourceTree = "<group>"; };
		B33FE5F121CF75C900B86BCE /* sqlite3.h */ = {isa = PBXFileReference; fileEncoding = 4; lastKnownFileType = sourcecode.c.h; path = sqlite3.h; sourceTree = "<group>"; };
		B33FE5F221CF75C900B86BCE /* tcpserver.c */ = {isa = PBXFileReference; fileEncoding = 4; lastKnownFileType = sourcecode.c.c; path = tcpserver.c; sourceTree = "<group>"; };
		B33FE5FB21CF7B8500B86BCE /* makefile */ = {isa = PBXFileReference; explicitFileType = sourcecode.make; fileEncoding = 4; path = makefile; sourceTree = "<group>"; };
		B368FD3A1DC3DF270058F21D /* tcpserver_airline_project */ = {isa = PBXFileReference; explicitFileType = "compiled.mach-o.executable"; includeInIndex = 0; path = tcpserver_airline_project; sourceTree = BUILT_PRODUCTS_DIR; };
/* End PBXFileReference section */

/* Begin PBXFrameworksBuildPhase section */
		B368FD371DC3DF270058F21D /* Frameworks */ = {
			isa = PBXFrameworksBuildPhase;
			buildActionMask = 2147483647;
			files = (
			);
			runOnlyForDeploymentPostprocessing = 0;
		};
/* End PBXFrameworksBuildPhase section */

/* Begin PBXGroup section */
		B368FD311DC3DF270058F21D = {
			isa = PBXGroup;
			children = (
				B368FD3C1DC3DF270058F21D /* tcpserver_airline_project */,
				B368FD3B1DC3DF270058F21D /* Products */,
			);
			sourceTree = "<group>";
		};
		B368FD3B1DC3DF270058F21D /* Products */ = {
			isa = PBXGroup;
			children = (
				B368FD3A1DC3DF270058F21D /* tcpserver_airline_project */,
			);
			name = Products;
			sourceTree = "<group>";
		};
		B368FD3C1DC3DF270058F21D /* tcpserver_airline_project */ = {
			isa = PBXGroup;
			children = (
				B33FE5FB21CF7B8500B86BCE /* makefile */,
				B33FE5EE21CF75C900B86BCE /* airlineadminpswd.txt */,
				B33FE5EB21CF75C800B86BCE /* airlinemain.c */,
				B33FE5ED21CF75C900B86BCE /* airlinemain.h */,
				B33FE5EA21CF75C800B86BCE /* Customer_Services.c */,
				B33FE5E621CF75C800B86BCE /* customer_services.h */,
				B33FE5EC21CF75C900B86BCE /* database.h */,
				B33FE5EF21CF75C900B86BCE /* encrypt.h */,
				B33FE5F021CF75C900B86BCE /* errexit.c */,
				B33FE5E321CF75C800B86BCE /* flightProfessionals.h */,
				B33FE5E821CF75C800B86BCE /* generateDigest.h */,
				B33FE5E221CF75C800B86BCE /* passivesock.c */,
				B33FE5E721CF75C800B86BCE /* passiveTCP.c */,
				B33FE5E921CF75C800B86BCE /* sqlite3.c */,
				B33FE5F121CF75C900B86BCE /* sqlite3.h */,
				B33FE5E521CF75C800B86BCE /* sqlite3ext.h */,
				B33FE5F221CF75C900B86BCE /* tcpserver.c */,
			);
			path = tcpserver_airline_project;
			sourceTree = "<group>";
		};
/* End PBXGroup section */

/* Begin PBXNativeTarget section */
		B368FD391DC3DF270058F21D /* tcpserver_airline_project */ = {
			isa = PBXNativeTarget;
			buildConfigurationList = B368FD411DC3DF270058F21D /* Build configuration list for PBXNativeTarget "tcpserver_airline_project" */;
			buildPhases = (
				B368FD361DC3DF270058F21D /* Sources */,
				B368FD371DC3DF270058F21D /* Frameworks */,
				B368FD381DC3DF270058F21D /* CopyFiles */,
			);
			buildRules = (
			);
			dependencies = (
			);
			name = tcpserver_airline_project;
			productName = tcpserver_airline_project;
			productReference = B368FD3A1DC3DF270058F21D /* tcpserver_airline_project */;
			productType = "com.apple.product-type.tool";
		};
/* End PBXNativeTarget section */

/* Begin PBXProject section */
		B368FD321DC3DF270058F21D /* Project object */ = {
			isa = PBXProject;
			attributes = {
				LastUpgradeCheck = 1010;
				ORGANIZATIONNAME = "Ifunanya Nnoka";
				TargetAttributes = {
					B368FD391DC3DF270058F21D = {
						CreatedOnToolsVersion = 7.2.1;
					};
				};
			};
			buildConfigurationList = B368FD351DC3DF270058F21D /* Build configuration list for PBXProject "tcpserver_airline_project" */;
			compatibilityVersion = "Xcode 3.2";
			developmentRegion = English;
			hasScannedForEncodings = 0;
			knownRegions = (
				en,
			);
			mainGroup = B368FD311DC3DF270058F21D;
			productRefGroup = B368FD3B1DC3DF270058F21D /* Products */;
			projectDirPath = "";
			projectRoot = "";
			targets = (
				B368FD391DC3DF270058F21D /* tcpserver_airline_project */,
			);
		};
/* End PBXProject section */

/* Begin PBXSourcesBuildPhase section */
		B368FD361DC3DF270058F21D /* Sources */ = {
			isa = PBXSourcesBuildPhase;
			buildActionMask = 2147483647;
			files = (
				B33FE5F321CF75C900B86BCE /* passivesock.c in Sources */,
				B33FE5F621CF75C900B86BCE /* Customer_Services.c in Sources */,
				B33FE5F721CF75C900B86BCE /* airlinemain.c in Sources */,
				B33FE5F521CF75C900B86BCE /* sqlite3.c in Sources */,
				B33FE5F921CF75C900B86BCE /* tcpserver.c in Sources */,
				B33FE5F421CF75C900B86BCE /* passiveTCP.c in Sources */,
				B33FE5FC21CF7B8500B86BCE /* makefile in Sources */,
				B33FE5F821CF75C900B86BCE /* errexit.c in Sources */,
			);
			runOnlyForDeploymentPostprocessing = 0;
		};
/* End PBXSourcesBuildPhase section */

/* Begin XCBuildConfiguration section */
		B368FD3F1DC3DF270058F21D /* Debug */ = {
			isa = XCBuildConfiguration;
			buildSettings = {
				ALWAYS_SEARCH_USER_PATHS = NO;
				CLANG_CXX_LANGUAGE_STANDARD = "gnu++0x";
				CLANG_CXX_LIBRARY = "libc++";
				CLANG_ENABLE_MODULES = YES;
				CLANG_ENABLE_OBJC_ARC = YES;
				CLANG_WARN_BLOCK_CAPTURE_AUTORELEASING = YES;
				CLANG_WARN_BOOL_CONVERSION = YES;
				CLANG_WARN_COMMA = YES;
				CLANG_WARN_CONSTANT_CONVERSION = YES;
				CLANG_WARN_DEPRECATED_OBJC_IMPLEMENTATIONS = YES;
				CLANG_WARN_DIRECT_OBJC_ISA_USAGE = YES_ERROR;
				CLANG_WARN_EMPTY_BODY = YES;
				CLANG_WARN_ENUM_CONVERSION = YES;
				CLANG_WARN_INFINITE_RECURSION = YES;
				CLANG_WARN_INT_CONVERSION = YES;
				CLANG_WARN_NON_LITERAL_NULL_CONVERSION = YES;
				CLANG_WARN_OBJC_IMPLICIT_RETAIN_SELF = YES;
				CLANG_WARN_OBJC_LITERAL_CONVERSION = YES;
				CLANG_WARN_OBJC_ROOT_CLASS = YES_ERROR;
				CLANG_WARN_RANGE_LOOP_ANALYSIS = YES;
				CLANG_WARN_STRICT_PROTOTYPES = YES;
				CLANG_WARN_SUSPICIOUS_MOVE = YES;
				CLANG_WARN_UNREACHABLE_CODE = YES;
				CLANG_WARN__DUPLICATE_METHOD_MATCH = YES;
				CODE_SIGN_IDENTITY = "-";
				COPY_PHASE_STRIP = NO;
				DEBUG_INFORMATION_FORMAT = dwarf;
				ENABLE_STRICT_OBJC_MSGSEND = YES;
				ENABLE_TESTABILITY = YES;
				GCC_C_LANGUAGE_STANDARD = gnu99;
				GCC_DYNAMIC_NO_PIC = NO;
				GCC_NO_COMMON_BLOCKS = YES;
				GCC_OPTIMIZATION_LEVEL = 0;
				GCC_PREPROCESSOR_DEFINITIONS = (
					"DEBUG=1",
					"$(inherited)",
				);
				GCC_WARN_64_TO_32_BIT_CONVERSION = YES;
				GCC_WARN_ABOUT_RETURN_TYPE = YES_ERROR;
				GCC_WARN_UNDECLARED_SELECTOR = YES;
				GCC_WARN_UNINITIALIZED_AUTOS = YES_AGGRESSIVE;
				GCC_WARN_UNUSED_FUNCTION = YES;
				GCC_WARN_UNUSED_VARIABLE = YES;
				MACOSX_DEPLOYMENT_TARGET = 10.10;
				MTL_ENABLE_DEBUG_INFO = YES;
				ONLY_ACTIVE_ARCH = YES;
				SDKROOT = macosx;
			};
			name = Debug;
		};
		B368FD401DC3DF270058F21D /* Release */ = {
			isa = XCBuildConfiguration;
			buildSettings = {
				ALWAYS_SEARCH_USER_PATHS = NO;
				CLANG_CXX_LANGUAGE_STANDARD = "gnu++0x";
				CLANG_CXX_LIBRARY = "libc++";
				CLANG_ENABLE_MODULES = YES;
				CLANG_ENABLE_OBJC_ARC = YES;
				CLANG_WARN_BLOCK_CAPTURE_AUTORELEASING = YES;
				CLANG_WARN_BOOL_CONVERSION = YES;
				CLANG_WARN_COMMA = YES;
				CLANG_WARN_CONSTANT_CONVERSION = YES;
				CLANG_WARN_DEPRECATED_OBJC_IMPLEMENTATIONS = YES;
				CLANG_WARN_DIRECT_OBJC_ISA_USAGE = YES_ERROR;
				CLANG_WARN_EMPTY_BODY = YES;
				CLANG_WARN_ENUM_CONVERSION = YES;
				CLANG_WARN_INFINITE_RECURSION = YES;
				CLANG_WARN_INT_CONVERSION = YES;
				CLANG_WARN_NON_LITERAL_NULL_CONVERSION = YES;
				CLANG_WARN_OBJC_IMPLICIT_RETAIN_SELF = YES;
				CLANG_WARN_OBJC_LITERAL_CONVERSION = YES;
				CLANG_WARN_OBJC_ROOT_CLASS = YES_ERROR;
				CLANG_WARN_RANGE_LOOP_ANALYSIS = YES;
				CLANG_WARN_STRICT_PROTOTYPES = YES;
				CLANG_WARN_SUSPICIOUS_MOVE = YES;
				CLANG_WARN_UNREACHABLE_CODE = YES;
				CLANG_WARN__DUPLICATE_METHOD_MATCH = YES;
				CODE_SIGN_IDENTITY = "-";
				COPY_PHASE_STRIP = NO;
				DEBUG_INFORMATION_FORMAT = "dwarf-with-dsym";
				ENABLE_NS_ASSERTIONS = NO;
				ENABLE_STRICT_OBJC_MSGSEND = YES;
				GCC_C_LANGUAGE_STANDARD = gnu99;
				GCC_NO_COMMON_BLOCKS = YES;
				GCC_WARN_64_TO_32_BIT_CONVERSION = YES;
				GCC_WARN_ABOUT_RETURN_TYPE = YES_ERROR;
				GCC_WARN_UNDECLARED_SELECTOR = YES;
				GCC_WARN_UNINITIALIZED_AUTOS = YES_AGGRESSIVE;
				GCC_WARN_UNUSED_FUNCTION = YES;
				GCC_WARN_UNUSED_VARIABLE = YES;
				MACOSX_DEPLOYMENT_TARGET = 10.10;
				MTL_ENABLE_DEBUG_INFO = NO;
				SDKROOT = macosx;
			};
			name = Release;
		};
		B368FD421DC3DF270058F21D /* Debug */ = {
			isa = XCBuildConfiguration;
			buildSettings = {
				PRODUCT_NAME = "$(TARGET_NAME)";
			};
			name = Debug;
		};
		B368FD431DC3DF270058F21D /* Release */ = {
			isa = XCBuildConfiguration;
			buildSettings = {
				PRODUCT_NAME = "$(TARGET_NAME)";
			};
			name = Release;
		};
/* End XCBuildConfiguration section */

/* Begin XCConfigurationList section */
		B368FD351DC3DF270058F21D /* Build configuration list for PBXProject "tcpserver_airline_project" */ = {
			isa = XCConfigurationList;
			buildConfigurations = (
				B368FD3F1DC3DF270058F21D /* Debug */,
				B368FD401DC3DF270058F21D /* Release */,
			);
			defaultConfigurationIsVisible = 0;
			defaultConfigurationName = Release;
		};
		B368FD411DC3DF270058F21D /* Build configuration list for PBXNativeTarget "tcpserver_airline_project" */ = {
			isa = XCConfigurationList;
			buildConfigurations = (
				B368FD421DC3DF270058F21D /* Debug */,
				B368FD431DC3DF270058F21D /* Release */,
			);
			defaultConfigurationIsVisible = 0;
			defaultConfigurationName = Release;
		};
/* End XCConfigurationList section */
	};
	rootObject = B368FD321DC3DF270058F21D /* Project object */;
}
